
Microsoft Visual Studio Solution File, Format Version 12.00
# Visual Studio Version 17
VisualStudioVersion = 17.8.34330.188
MinimumVisualStudioVersion = 10.0.40219.1
Project("{FAE04EC0-301F-11D3-BF4B-00C04F79EFBC}") = "Condicao", "Condicao\Condicao.csproj", "{7BC9CAA0-8530-44F5-BD7F-5C7853C50D66}"
EndProject
Global
	GlobalSection(SolutionConfigurationPlatforms) = preSolution
		Debug|Any CPU = Debug|Any CPU
		Release|Any CPU = Release|Any CPU
	EndGlobalSection
	GlobalSection(ProjectConfigurationPlatforms) = postSolution
		{7BC9CAA0-8530-44F5-BD7F-5C7853C50D66}.Debug|Any CPU.ActiveCfg = Debug|Any CPU
		{7BC9CAA0-8530-44F5-BD7F-5C7853C50D66}.Debug|Any CPU.Build.0 = Debug|Any CPU
		{7BC9CAA0-8530-44F5-BD7F-5C7853C50D66}.Release|Any CPU.ActiveCfg = Release|Any CPU
		{7BC9CAA0-8530-44F5-BD7F-5C7853C50D66}.Release|Any CPU.Build.0 = Release|Any CPU
	EndGlobalSection
	GlobalSection(SolutionProperties) = preSolution
		HideSolutionNode = FALSE
	EndGlobalSection
	GlobalSection(ExtensibilityGlobals) = postSolution
		SolutionGuid = {AB5B15B9-00A4-46BC-84DF-883EACEFF21C}
	EndGlobalSection
EndGlobal
